// !$*UTF8*$!
{
	archiveVersion = 1;
	classes = {
	};
	objectVersion = 77;
	objects = {

/* Begin PBXBuildFile section */
		0239487D03ED1AF88498030D /* DesignSystem.swift in Sources */ = {isa = PBXBuildFile; fileRef = 478A2F48C17D60D17EB2AF1A /* DesignSystem.swift */; };
		08948F020220E67A53CD5506 /* WeeklyWeighInView.swift in Sources */ = {isa = PBXBuildFile; fileRef = EC03838B901778BDE5712949 /* WeeklyWeighInView.swift */; };
		0CEE7C85B220D66BFBE74F6B /* NutritionSegmentView.swift in Sources */ = {isa = PBXBuildFile; fileRef = 281DF8A22E536909E5048357 /* NutritionSegmentView.swift */; };
		1337F51113786AA03FF21D2A /* NudgeNotesUITests.swift in Sources */ = {isa = PBXBuildFile; fileRef = 5AA2FE5A6609919E41100FDE /* NudgeNotesUITests.swift */; };
		15941D0210EAB05EE7FEC297 /* OnboardingViewModelTests.swift in Sources */ = {isa = PBXBuildFile; fileRef = 5ABA01FD79813A0F3758C2CD /* OnboardingViewModelTests.swift */; };
		1C0A62B0E9EEBDA41A0FACEF /* HistoryFeaturesTests.swift in Sources */ = {isa = PBXBuildFile; fileRef = E56799E051E5CEF921DC3F2C /* HistoryFeaturesTests.swift */; };
		2056FF849B09BE910E233B22 /* OnboardingViewModel.swift in Sources */ = {isa = PBXBuildFile; fileRef = E5CEE793A702425566C5764A /* OnboardingViewModel.swift */; };
		2191D0DD0C2AACCDF8EB1AF8 /* HabitType.swift in Sources */ = {isa = PBXBuildFile; fileRef = E330D1C6A7C4DC6A0DC35E62 /* HabitType.swift */; };
		220F48382997C0EFC99EEE18 /* ContentView.swift in Sources */ = {isa = PBXBuildFile; fileRef = 090C3F1F013A8E9CE750D4DF /* ContentView.swift */; };
		222CBF3725E8BCDC838526A6 /* UserProfileTests.swift in Sources */ = {isa = PBXBuildFile; fileRef = 774E030147A83A7ECAB27116 /* UserProfileTests.swift */; };
		229F65DBD2A00D0CB61EB803 /* SubscriptionStoreTests.swift in Sources */ = {isa = PBXBuildFile; fileRef = 1D823EDAB4DBCC4C281193DB /* SubscriptionStoreTests.swift */; };
		23C3AF3ED52E5CC596336854 /* Assets.xcassets in Resources */ = {isa = PBXBuildFile; fileRef = 642F0A8DD397FDBACBAE867F /* Assets.xcassets */; };
		29CFF973C1BE0D1D9A93806F /* NudgeNotes.storekit in Resources */ = {isa = PBXBuildFile; fileRef = 2C906463668207595229E04A /* NudgeNotes.storekit */; };
		2C0253F5498D58F8B3B1AC16 /* HomeViewModel.swift in Sources */ = {isa = PBXBuildFile; fileRef = 427D5D2EE4788AC947F99F27 /* HomeViewModel.swift */; };
		30ED3A5FC15FB7FB0F3FCA88 /* SubscriptionStore.swift in Sources */ = {isa = PBXBuildFile; fileRef = EFC9B9BBCB0030BED09ECAF9 /* SubscriptionStore.swift */; };
		4377297E01BE236400E9C6BD /* WHRCalculatorView.swift in Sources */ = {isa = PBXBuildFile; fileRef = 288D46A6F285905512F0DE95 /* WHRCalculatorView.swift */; };
		4BC9E652D1271FAA8EBF429F /* PersistenceController.swift in Sources */ = {isa = PBXBuildFile; fileRef = B693CED457F21D48D2F83514 /* PersistenceController.swift */; };
		50DCE9894B73DE22F67A08AF /* IncrementalInput.swift in Sources */ = {isa = PBXBuildFile; fileRef = 6A19EBDA9E9197CFD4BF5386 /* IncrementalInput.swift */; };
		515FBB0FAB6A90940FBF9A42 /* ProUpgradeView.swift in Sources */ = {isa = PBXBuildFile; fileRef = B029DFD3BFF535AC4357CC42 /* ProUpgradeView.swift */; };
		54A2363A9CB10F2DB0303A69 /* HistoryViewModel.swift in Sources */ = {isa = PBXBuildFile; fileRef = 4DCB870B6464FDC430B028BF /* HistoryViewModel.swift */; };
		55E8D10A9795485D94315132 /* WHRCalculatorViewModel.swift in Sources */ = {isa = PBXBuildFile; fileRef = 3B9008F717084C2019155C01 /* WHRCalculatorViewModel.swift */; };
		55FA3E20335C0777D77FFF30 /* HealthKitManager.swift in Sources */ = {isa = PBXBuildFile; fileRef = 68E209C7C7F507A131B17B5F /* HealthKitManager.swift */; };
		57C2E0E5F6B725722BBBD0BD /* TestFixtures.swift in Sources */ = {isa = PBXBuildFile; fileRef = FD9F1A4AE67A15A4E5AB91F6 /* TestFixtures.swift */; };
		59913AA3D0B3F3930F31C0A8 /* MealLogTests.swift in Sources */ = {isa = PBXBuildFile; fileRef = 1E534C6936A5F66AF1A959B5 /* MealLogTests.swift */; };
		599E69231E599F5104EF8058 /* CoreTrackingViewModelTests.swift in Sources */ = {isa = PBXBuildFile; fileRef = AEBA4DE2C921B88B6FF17177 /* CoreTrackingViewModelTests.swift */; };
		5AF89D2E35DC525FE3753048 /* UserProfile.swift in Sources */ = {isa = PBXBuildFile; fileRef = 21F66EB73204C27820247EFE /* UserProfile.swift */; };
		5DD8148C282E0FF14DEFC8A2 /* MealDetailView.swift in Sources */ = {isa = PBXBuildFile; fileRef = 65C9A471C7C960E7EEC172D2 /* MealDetailView.swift */; };
		696E0EDD829E0A68543F621C /* WHRCategory.swift in Sources */ = {isa = PBXBuildFile; fileRef = CC7045F68A6A705D5D01BF29 /* WHRCategory.swift */; };
		6A7EE1A46837B63C37502338 /* AppTextField.swift in Sources */ = {isa = PBXBuildFile; fileRef = 44BF14B2C50D2ACE0F300631 /* AppTextField.swift */; };
		6C65DC6C837703F1A1908508 /* WHREntryTests.swift in Sources */ = {isa = PBXBuildFile; fileRef = BDBE8350587D1E7CC77E019E /* WHREntryTests.swift */; };
		6D8211FFBF61E270D947568F /* SubscriptionService.swift in Sources */ = {isa = PBXBuildFile; fileRef = EA287F70485C34627913CAB7 /* SubscriptionService.swift */; };
		6DE687231E567F71B720701C /* HabitEntryTests.swift in Sources */ = {isa = PBXBuildFile; fileRef = EEDAE0100B4F5AC9B6C7FBA4 /* HabitEntryTests.swift */; };
		743D56F6510108E4D8F69B42 /* WaterLog.swift in Sources */ = {isa = PBXBuildFile; fileRef = 3C93EF71D7EA3036F7D3130A /* WaterLog.swift */; };
		77EC5C9599FD287F178527A9 /* MoodLog.swift in Sources */ = {isa = PBXBuildFile; fileRef = A22A1C9B475574BED1C579E0 /* MoodLog.swift */; };
		82386939F24CD698E4826083 /* AppTheme.swift in Sources */ = {isa = PBXBuildFile; fileRef = C6D0F685B9C6667E3488D11B /* AppTheme.swift */; };
		8D41D0604A046CC7034BD643 /* PhotoLog.swift in Sources */ = {isa = PBXBuildFile; fileRef = D5A3DDC472391F8A74A46DF2 /* PhotoLog.swift */; };
		8D46761A7F929D0DD2CFDC97 /* HistoryTabView.swift in Sources */ = {isa = PBXBuildFile; fileRef = 5DCE1BDE8BD290D220B44AC4 /* HistoryTabView.swift */; };
		8FB2CCF29639FE42A870DA52 /* DailyLogTests.swift in Sources */ = {isa = PBXBuildFile; fileRef = 7B1C4F6F943E71E283D61A3D /* DailyLogTests.swift */; };
		936FEFA94770CE2351EE5AF7 /* MoodSegmentView.swift in Sources */ = {isa = PBXBuildFile; fileRef = BA2D856FB3BD623855DD7FDD /* MoodSegmentView.swift */; };
		988210FA589C31BF6F60A123 /* CollapsibleSegment.swift in Sources */ = {isa = PBXBuildFile; fileRef = B34B98A9109C5B55581DFC10 /* CollapsibleSegment.swift */; };
		9B3F571AD0D7F549D1852331 /* SettingsView.swift in Sources */ = {isa = PBXBuildFile; fileRef = 3C71EA9D7D5CF6FF1ECCA90D /* SettingsView.swift */; };
		A08F5ED0DFFAAF1D8808C802 /* PhotoCategory.swift in Sources */ = {isa = PBXBuildFile; fileRef = B9D33BB9CFCE67AEA26A5C00 /* PhotoCategory.swift */; };
		AACC2C52CB22135B1E52D2DD /* DailyCheckInViewModelTests.swift in Sources */ = {isa = PBXBuildFile; fileRef = 3315BFA31EA8D52E68E53F67 /* DailyCheckInViewModelTests.swift */; };
		ABB444960700ADDC32BEF2CA /* AppCard.swift in Sources */ = {isa = PBXBuildFile; fileRef = 0E4268B511A2698FE154380D /* AppCard.swift */; };
		AECFC3C120D5F9BE45047570 /* DailyCheckInView.swift in Sources */ = {isa = PBXBuildFile; fileRef = E1477492E984747E46FE1FCC /* DailyCheckInView.swift */; };
		B270DD2E814E80145B9D8825 /* DailyCheckInViewModel.swift in Sources */ = {isa = PBXBuildFile; fileRef = 631B54E7CE42009A5717CEB1 /* DailyCheckInViewModel.swift */; };
		B4DD8B1762EAD81B68ABDF51 /* WHREntry.swift in Sources */ = {isa = PBXBuildFile; fileRef = CB71535D0B9153B5F9F73F96 /* WHREntry.swift */; };
		B4F48AA0437B215BD602D81D /* HabitEntry.swift in Sources */ = {isa = PBXBuildFile; fileRef = 549B5273387AD1C371328134 /* HabitEntry.swift */; };
		B6123E1C8BC6FC5BA15F77D4 /* WorkoutLog.swift in Sources */ = {isa = PBXBuildFile; fileRef = 84D36AC4D7C5B65798EF209C /* WorkoutLog.swift */; };
		BA062AC2C0D9F19650F3683A /* PermissionManaging.swift in Sources */ = {isa = PBXBuildFile; fileRef = BA818DB497AB5D1775B71A9E /* PermissionManaging.swift */; };
		BBDEE758630A6DC8108D1EC4 /* WeeklyMetrics.swift in Sources */ = {isa = PBXBuildFile; fileRef = CF71A2FB1286BAD8BF944847 /* WeeklyMetrics.swift */; };
		BCC5AA00B51C7910F5E9C954 /* MonthlyReviewView.swift in Sources */ = {isa = PBXBuildFile; fileRef = 576E53F6FFE553A6DB42479E /* MonthlyReviewView.swift */; };
		BD89E5F23F18499238CEEC61 /* HydrationSegmentView.swift in Sources */ = {isa = PBXBuildFile; fileRef = 425015FD6E794829256C5EF2 /* HydrationSegmentView.swift */; };
		C2E73D89B81B9FF8984A148D /* PhotoLogTests.swift in Sources */ = {isa = PBXBuildFile; fileRef = C6950CE91F5DFD069D3E572E /* PhotoLogTests.swift */; };
		CC662EDEC3283867A0056554 /* DailyLog.swift in Sources */ = {isa = PBXBuildFile; fileRef = 4ECE424828F750CDD8AF56C5 /* DailyLog.swift */; };
		CEAEBA014A45D07FDD0021F9 /* AppButton.swift in Sources */ = {isa = PBXBuildFile; fileRef = 41A3A330723F4FF578346F5B /* AppButton.swift */; };
		CEF228AF86FCF785F713B635 /* ProgressBar.swift in Sources */ = {isa = PBXBuildFile; fileRef = 5669404B9C0C0A3D6DA96CC9 /* ProgressBar.swift */; };
		D3253D1D87F0DB8C051CC4EA /* BodyMetricsSegmentView.swift in Sources */ = {isa = PBXBuildFile; fileRef = 6D31A7A2A4FE4C5B36D1EA6A /* BodyMetricsSegmentView.swift */; };
		D5A75644D053DAC72919235B /* MovementSegmentView.swift in Sources */ = {isa = PBXBuildFile; fileRef = 8B3ED35933DCF38030415E99 /* MovementSegmentView.swift */; };
		D76F76411C5D293DC10D389D /* HomeView.swift in Sources */ = {isa = PBXBuildFile; fileRef = 6DA7A8241E2745B86870E7C9 /* HomeView.swift */; };
		D7CB4E0C995BEE44E1C27CD3 /* OnboardingFlowView.swift in Sources */ = {isa = PBXBuildFile; fileRef = 64F7EAF2DA8442C32A660B59 /* OnboardingFlowView.swift */; };
		D9239829B25C9FEF70A345AE /* UserSettings.swift in Sources */ = {isa = PBXBuildFile; fileRef = 94D283F7D88DB85CED347A2B /* UserSettings.swift */; };
		DFF75C2E527CEDFA3606CB70 /* InsightsView.swift in Sources */ = {isa = PBXBuildFile; fileRef = 43339A840B23947104468BAB /* InsightsView.swift */; };
		E936B1CF0F9CF109F1D1A781 /* MealLog.swift in Sources */ = {isa = PBXBuildFile; fileRef = 71CE0FAD722C9545A9DE5E1C /* MealLog.swift */; };
		EAF349547E668F65B7AD7541 /* InsightsViewModel.swift in Sources */ = {isa = PBXBuildFile; fileRef = 6D8E36CEEE27DF94C497D60E /* InsightsViewModel.swift */; };
		EF2FA2E81BBC6B258DC19660 /* InsightsViewModelTests.swift in Sources */ = {isa = PBXBuildFile; fileRef = 22CF6C44A6B69D1A5F149EFC /* InsightsViewModelTests.swift */; };
		F0851738A25EB0DDB824677E /* nudgeNotesApp.swift in Sources */ = {isa = PBXBuildFile; fileRef = DE383BB8A2CFA9778B95F767 /* nudgeNotesApp.swift */; };
		F21FAA33D1CA10E288CD145B /* MonthlyReview.swift in Sources */ = {isa = PBXBuildFile; fileRef = 4DE774E7C96588E993303905 /* MonthlyReview.swift */; };
		F7B87CB2E919FEAACF851E5E /* PhotoLoggingView.swift in Sources */ = {isa = PBXBuildFile; fileRef = C99A254AA350ABF3468C51ED /* PhotoLoggingView.swift */; };
		F85400F989A95B0EDE710E50 /* AppCheckbox.swift in Sources */ = {isa = PBXBuildFile; fileRef = A04876EBAEDF43D86FE9661C /* AppCheckbox.swift */; };
		F856FDFFFFE855A678BB7E3A /* LaunchScreen.storyboard in Resources */ = {isa = PBXBuildFile; fileRef = EB4B8787C6B4E96E0D0034F1 /* LaunchScreen.storyboard */; };
		1A2B3C4D5E6F7A8B9C0D1E2F /* InsightsData.swift in Sources */ = {isa = PBXBuildFile; fileRef = A1B2C3D4E5F6A7B8C9D0E1F2 /* InsightsData.swift */; };
		2B3C4D5E6F7A8B9C0D1E2F3A /* InsightsEngine.swift in Sources */ = {isa = PBXBuildFile; fileRef = B2C3D4E5F6A7B8C9D0E1F2A3 /* InsightsEngine.swift */; };
		3C4D5E6F7A8B9C0D1E2F3A4B /* WHRLineChart.swift in Sources */ = {isa = PBXBuildFile; fileRef = C3D4E5F6A7B8C9D0E1F2A3B4 /* WHRLineChart.swift */; };
		4D5E6F7A8B9C0D1E2F3A4B5C /* InsightsTabView.swift in Sources */ = {isa = PBXBuildFile; fileRef = D4E5F6A7B8C9D0E1F2A3B4C5 /* InsightsTabView.swift */; };
/* End PBXBuildFile section */

/* Begin PBXContainerItemProxy section */
		0A806673393F6B663D69A164 /* PBXContainerItemProxy */ = {
			isa = PBXContainerItemProxy;
			containerPortal = C627E714B9ABE71468106D9D /* Project object */;
			proxyType = 1;
			remoteGlobalIDString = 204C24208CF66DA68D41F08B;
			remoteInfo = nudgeNotes;
		};
		0AD337E5A9479E9B4A2ADAFA /* PBXContainerItemProxy */ = {
			isa = PBXContainerItemProxy;
			containerPortal = C627E714B9ABE71468106D9D /* Project object */;
			proxyType = 1;
			remoteGlobalIDString = 204C24208CF66DA68D41F08B;
			remoteInfo = nudgeNotes;
		};
/* End PBXContainerItemProxy section */

/* Begin PBXFileReference section */
		07D34B2DEBE16D749F41120F /* nudgeNotesUITests.xctest */ = {isa = PBXFileReference; includeInIndex = 0; lastKnownFileType = wrapper.cfbundle; path = nudgeNotesUITests.xctest; sourceTree = BUILT_PRODUCTS_DIR; };
		090C3F1F013A8E9CE750D4DF /* ContentView.swift */ = {isa = PBXFileReference; lastKnownFileType = sourcecode.swift; path = ContentView.swift; sourceTree = "<group>"; };
		0E4268B511A2698FE154380D /* AppCard.swift */ = {isa = PBXFileReference; lastKnownFileType = sourcecode.swift; path = AppCard.swift; sourceTree = "<group>"; };
		15F040753959943D6763E59B /* nudgeNotes.app */ = {isa = PBXFileReference; includeInIndex = 0; lastKnownFileType = wrapper.application; path = nudgeNotes.app; sourceTree = BUILT_PRODUCTS_DIR; };
		1D823EDAB4DBCC4C281193DB /* SubscriptionStoreTests.swift */ = {isa = PBXFileReference; lastKnownFileType = sourcecode.swift; path = SubscriptionStoreTests.swift; sourceTree = "<group>"; };
		1E534C6936A5F66AF1A959B5 /* MealLogTests.swift */ = {isa = PBXFileReference; lastKnownFileType = sourcecode.swift; path = MealLogTests.swift; sourceTree = "<group>"; };
		21F66EB73204C27820247EFE /* UserProfile.swift */ = {isa = PBXFileReference; lastKnownFileType = sourcecode.swift; path = UserProfile.swift; sourceTree = "<group>"; };
		22CF6C44A6B69D1A5F149EFC /* InsightsViewModelTests.swift */ = {isa = PBXFileReference; lastKnownFileType = sourcecode.swift; path = InsightsViewModelTests.swift; sourceTree = "<group>"; };
		281DF8A22E536909E5048357 /* NutritionSegmentView.swift */ = {isa = PBXFileReference; lastKnownFileType = sourcecode.swift; path = NutritionSegmentView.swift; sourceTree = "<group>"; };
		288D46A6F285905512F0DE95 /* WHRCalculatorView.swift */ = {isa = PBXFileReference; lastKnownFileType = sourcecode.swift; path = WHRCalculatorView.swift; sourceTree = "<group>"; };
		2C906463668207595229E04A /* NudgeNotes.storekit */ = {isa = PBXFileReference; path = NudgeNotes.storekit; sourceTree = "<group>"; };
		3315BFA31EA8D52E68E53F67 /* DailyCheckInViewModelTests.swift */ = {isa = PBXFileReference; lastKnownFileType = sourcecode.swift; path = DailyCheckInViewModelTests.swift; sourceTree = "<group>"; };
		3B9008F717084C2019155C01 /* WHRCalculatorViewModel.swift */ = {isa = PBXFileReference; lastKnownFileType = sourcecode.swift; path = WHRCalculatorViewModel.swift; sourceTree = "<group>"; };
		3C71EA9D7D5CF6FF1ECCA90D /* SettingsView.swift */ = {isa = PBXFileReference; lastKnownFileType = sourcecode.swift; path = SettingsView.swift; sourceTree = "<group>"; };
		3C93EF71D7EA3036F7D3130A /* WaterLog.swift */ = {isa = PBXFileReference; lastKnownFileType = sourcecode.swift; path = WaterLog.swift; sourceTree = "<group>"; };
		41A3A330723F4FF578346F5B /* AppButton.swift */ = {isa = PBXFileReference; lastKnownFileType = sourcecode.swift; path = AppButton.swift; sourceTree = "<group>"; };
		425015FD6E794829256C5EF2 /* HydrationSegmentView.swift */ = {isa = PBXFileReference; lastKnownFileType = sourcecode.swift; path = HydrationSegmentView.swift; sourceTree = "<group>"; };
		427D5D2EE4788AC947F99F27 /* HomeViewModel.swift */ = {isa = PBXFileReference; lastKnownFileType = sourcecode.swift; path = HomeViewModel.swift; sourceTree = "<group>"; };
		43339A840B23947104468BAB /* InsightsView.swift */ = {isa = PBXFileReference; lastKnownFileType = sourcecode.swift; path = InsightsView.swift; sourceTree = "<group>"; };
		44BF14B2C50D2ACE0F300631 /* AppTextField.swift */ = {isa = PBXFileReference; lastKnownFileType = sourcecode.swift; path = AppTextField.swift; sourceTree = "<group>"; };
		478A2F48C17D60D17EB2AF1A /* DesignSystem.swift */ = {isa = PBXFileReference; lastKnownFileType = sourcecode.swift; path = DesignSystem.swift; sourceTree = "<group>"; };
		4DCB870B6464FDC430B028BF /* HistoryViewModel.swift */ = {isa = PBXFileReference; lastKnownFileType = sourcecode.swift; path = HistoryViewModel.swift; sourceTree = "<group>"; };
		4DE774E7C96588E993303905 /* MonthlyReview.swift */ = {isa = PBXFileReference; lastKnownFileType = sourcecode.swift; path = MonthlyReview.swift; sourceTree = "<group>"; };
		4E82E0A51410826407826774 /* .gitkeep */ = {isa = PBXFileReference; path = .gitkeep; sourceTree = "<group>"; };
		4ECE424828F750CDD8AF56C5 /* DailyLog.swift */ = {isa = PBXFileReference; lastKnownFileType = sourcecode.swift; path = DailyLog.swift; sourceTree = "<group>"; };
		549B5273387AD1C371328134 /* HabitEntry.swift */ = {isa = PBXFileReference; lastKnownFileType = sourcecode.swift; path = HabitEntry.swift; sourceTree = "<group>"; };
		5669404B9C0C0A3D6DA96CC9 /* ProgressBar.swift */ = {isa = PBXFileReference; lastKnownFileType = sourcecode.swift; path = ProgressBar.swift; sourceTree = "<group>"; };
		576E53F6FFE553A6DB42479E /* MonthlyReviewView.swift */ = {isa = PBXFileReference; lastKnownFileType = sourcecode.swift; path = MonthlyReviewView.swift; sourceTree = "<group>"; };
		597080A63141BADF0EDD2EC9 /* .gitkeep */ = {isa = PBXFileReference; path = .gitkeep; sourceTree = "<group>"; };
		5AA2FE5A6609919E41100FDE /* NudgeNotesUITests.swift */ = {isa = PBXFileReference; lastKnownFileType = sourcecode.swift; path = NudgeNotesUITests.swift; sourceTree = "<group>"; };
		5ABA01FD79813A0F3758C2CD /* OnboardingViewModelTests.swift */ = {isa = PBXFileReference; lastKnownFileType = sourcecode.swift; path = OnboardingViewModelTests.swift; sourceTree = "<group>"; };
		5DCE1BDE8BD290D220B44AC4 /* HistoryTabView.swift */ = {isa = PBXFileReference; lastKnownFileType = sourcecode.swift; path = HistoryTabView.swift; sourceTree = "<group>"; };
		631B54E7CE42009A5717CEB1 /* DailyCheckInViewModel.swift */ = {isa = PBXFileReference; lastKnownFileType = sourcecode.swift; path = DailyCheckInViewModel.swift; sourceTree = "<group>"; };
		642F0A8DD397FDBACBAE867F /* Assets.xcassets */ = {isa = PBXFileReference; lastKnownFileType = folder.assetcatalog; path = Assets.xcassets; sourceTree = "<group>"; };
		64F7EAF2DA8442C32A660B59 /* OnboardingFlowView.swift */ = {isa = PBXFileReference; lastKnownFileType = sourcecode.swift; path = OnboardingFlowView.swift; sourceTree = "<group>"; };
		65C9A471C7C960E7EEC172D2 /* MealDetailView.swift */ = {isa = PBXFileReference; lastKnownFileType = sourcecode.swift; path = MealDetailView.swift; sourceTree = "<group>"; };
		68E209C7C7F507A131B17B5F /* HealthKitManager.swift */ = {isa = PBXFileReference; lastKnownFileType = sourcecode.swift; path = HealthKitManager.swift; sourceTree = "<group>"; };
		6978D4BD191EF03BCF7002D9 /* .gitkeep */ = {isa = PBXFileReference; path = .gitkeep; sourceTree = "<group>"; };
		6A19EBDA9E9197CFD4BF5386 /* IncrementalInput.swift */ = {isa = PBXFileReference; lastKnownFileType = sourcecode.swift; path = IncrementalInput.swift; sourceTree = "<group>"; };
		6D31A7A2A4FE4C5B36D1EA6A /* BodyMetricsSegmentView.swift */ = {isa = PBXFileReference; lastKnownFileType = sourcecode.swift; path = BodyMetricsSegmentView.swift; sourceTree = "<group>"; };
		6D8E36CEEE27DF94C497D60E /* InsightsViewModel.swift */ = {isa = PBXFileReference; lastKnownFileType = sourcecode.swift; path = InsightsViewModel.swift; sourceTree = "<group>"; };
		6DA7A8241E2745B86870E7C9 /* HomeView.swift */ = {isa = PBXFileReference; lastKnownFileType = sourcecode.swift; path = HomeView.swift; sourceTree = "<group>"; };
		71CE0FAD722C9545A9DE5E1C /* MealLog.swift */ = {isa = PBXFileReference; lastKnownFileType = sourcecode.swift; path = MealLog.swift; sourceTree = "<group>"; };
		774E030147A83A7ECAB27116 /* UserProfileTests.swift */ = {isa = PBXFileReference; lastKnownFileType = sourcecode.swift; path = UserProfileTests.swift; sourceTree = "<group>"; };
		79FF1723CEDB63918359B484 /* nudgeNotesTests.xctest */ = {isa = PBXFileReference; includeInIndex = 0; lastKnownFileType = wrapper.cfbundle; path = nudgeNotesTests.xctest; sourceTree = BUILT_PRODUCTS_DIR; };
		7B1C4F6F943E71E283D61A3D /* DailyLogTests.swift */ = {isa = PBXFileReference; lastKnownFileType = sourcecode.swift; path = DailyLogTests.swift; sourceTree = "<group>"; };
		84D36AC4D7C5B65798EF209C /* WorkoutLog.swift */ = {isa = PBXFileReference; lastKnownFileType = sourcecode.swift; path = WorkoutLog.swift; sourceTree = "<group>"; };
		8B3ED35933DCF38030415E99 /* MovementSegmentView.swift */ = {isa = PBXFileReference; lastKnownFileType = sourcecode.swift; path = MovementSegmentView.swift; sourceTree = "<group>"; };
		8BF724E4A26FD45A6A52E776 /* .gitkeep */ = {isa = PBXFileReference; path = .gitkeep; sourceTree = "<group>"; };
		94D283F7D88DB85CED347A2B /* UserSettings.swift */ = {isa = PBXFileReference; lastKnownFileType = sourcecode.swift; path = UserSettings.swift; sourceTree = "<group>"; };
		9767C41E111F2E0F00F80570 /* .gitkeep */ = {isa = PBXFileReference; path = .gitkeep; sourceTree = "<group>"; };
		A04876EBAEDF43D86FE9661C /* AppCheckbox.swift */ = {isa = PBXFileReference; lastKnownFileType = sourcecode.swift; path = AppCheckbox.swift; sourceTree = "<group>"; };
		A22A1C9B475574BED1C579E0 /* MoodLog.swift */ = {isa = PBXFileReference; lastKnownFileType = sourcecode.swift; path = MoodLog.swift; sourceTree = "<group>"; };
		AEBA4DE2C921B88B6FF17177 /* CoreTrackingViewModelTests.swift */ = {isa = PBXFileReference; lastKnownFileType = sourcecode.swift; path = CoreTrackingViewModelTests.swift; sourceTree = "<group>"; };
		B029DFD3BFF535AC4357CC42 /* ProUpgradeView.swift */ = {isa = PBXFileReference; lastKnownFileType = sourcecode.swift; path = ProUpgradeView.swift; sourceTree = "<group>"; };
		B34B98A9109C5B55581DFC10 /* CollapsibleSegment.swift */ = {isa = PBXFileReference; lastKnownFileType = sourcecode.swift; path = CollapsibleSegment.swift; sourceTree = "<group>"; };
		B693CED457F21D48D2F83514 /* PersistenceController.swift */ = {isa = PBXFileReference; lastKnownFileType = sourcecode.swift; path = PersistenceController.swift; sourceTree = "<group>"; };
		B9D33BB9CFCE67AEA26A5C00 /* PhotoCategory.swift */ = {isa = PBXFileReference; lastKnownFileType = sourcecode.swift; path = PhotoCategory.swift; sourceTree = "<group>"; };
		BA2D856FB3BD623855DD7FDD /* MoodSegmentView.swift */ = {isa = PBXFileReference; lastKnownFileType = sourcecode.swift; path = MoodSegmentView.swift; sourceTree = "<group>"; };
		BA818DB497AB5D1775B71A9E /* PermissionManaging.swift */ = {isa = PBXFileReference; lastKnownFileType = sourcecode.swift; path = PermissionManaging.swift; sourceTree = "<group>"; };
		BDBE8350587D1E7CC77E019E /* WHREntryTests.swift */ = {isa = PBXFileReference; lastKnownFileType = sourcecode.swift; path = WHREntryTests.swift; sourceTree = "<group>"; };
		C6950CE91F5DFD069D3E572E /* PhotoLogTests.swift */ = {isa = PBXFileReference; lastKnownFileType = sourcecode.swift; path = PhotoLogTests.swift; sourceTree = "<group>"; };
		C6D0F685B9C6667E3488D11B /* AppTheme.swift */ = {isa = PBXFileReference; lastKnownFileType = sourcecode.swift; path = AppTheme.swift; sourceTree = "<group>"; };
		C99A254AA350ABF3468C51ED /* PhotoLoggingView.swift */ = {isa = PBXFileReference; lastKnownFileType = sourcecode.swift; path = PhotoLoggingView.swift; sourceTree = "<group>"; };
		CB71535D0B9153B5F9F73F96 /* WHREntry.swift */ = {isa = PBXFileReference; lastKnownFileType = sourcecode.swift; path = WHREntry.swift; sourceTree = "<group>"; };
		CC7045F68A6A705D5D01BF29 /* WHRCategory.swift */ = {isa = PBXFileReference; lastKnownFileType = sourcecode.swift; path = WHRCategory.swift; sourceTree = "<group>"; };
		CF71A2FB1286BAD8BF944847 /* WeeklyMetrics.swift */ = {isa = PBXFileReference; lastKnownFileType = sourcecode.swift; path = WeeklyMetrics.swift; sourceTree = "<group>"; };
		D599C5FF16145F7940C20A2D /* .gitkeep */ = {isa = PBXFileReference; path = .gitkeep; sourceTree = "<group>"; };
		D5A3DDC472391F8A74A46DF2 /* PhotoLog.swift */ = {isa = PBXFileReference; lastKnownFileType = sourcecode.swift; path = PhotoLog.swift; sourceTree = "<group>"; };
		DE383BB8A2CFA9778B95F767 /* nudgeNotesApp.swift */ = {isa = PBXFileReference; lastKnownFileType = sourcecode.swift; path = nudgeNotesApp.swift; sourceTree = "<group>"; };
		E1477492E984747E46FE1FCC /* DailyCheckInView.swift */ = {isa = PBXFileReference; lastKnownFileType = sourcecode.swift; path = DailyCheckInView.swift; sourceTree = "<group>"; };
		E330D1C6A7C4DC6A0DC35E62 /* HabitType.swift */ = {isa = PBXFileReference; lastKnownFileType = sourcecode.swift; path = HabitType.swift; sourceTree = "<group>"; };
		E56799E051E5CEF921DC3F2C /* HistoryFeaturesTests.swift */ = {isa = PBXFileReference; lastKnownFileType = sourcecode.swift; path = HistoryFeaturesTests.swift; sourceTree = "<group>"; };
		E5CEE793A702425566C5764A /* OnboardingViewModel.swift */ = {isa = PBXFileReference; lastKnownFileType = sourcecode.swift; path = OnboardingViewModel.swift; sourceTree = "<group>"; };
		E89C10E090846B406E5E59D8 /* .gitkeep */ = {isa = PBXFileReference; path = .gitkeep; sourceTree = "<group>"; };
		EA287F70485C34627913CAB7 /* SubscriptionService.swift */ = {isa = PBXFileReference; lastKnownFileType = sourcecode.swift; path = SubscriptionService.swift; sourceTree = "<group>"; };
		EB4B8787C6B4E96E0D0034F1 /* LaunchScreen.storyboard */ = {isa = PBXFileReference; lastKnownFileType = file.storyboard; path = LaunchScreen.storyboard; sourceTree = "<group>"; };
		EC03838B901778BDE5712949 /* WeeklyWeighInView.swift */ = {isa = PBXFileReference; lastKnownFileType = sourcecode.swift; path = WeeklyWeighInView.swift; sourceTree = "<group>"; };
		EEDAE0100B4F5AC9B6C7FBA4 /* HabitEntryTests.swift */ = {isa = PBXFileReference; lastKnownFileType = sourcecode.swift; path = HabitEntryTests.swift; sourceTree = "<group>"; };
		EFC9B9BBCB0030BED09ECAF9 /* SubscriptionStore.swift */ = {isa = PBXFileReference; lastKnownFileType = sourcecode.swift; path = SubscriptionStore.swift; sourceTree = "<group>"; };
		FD9F1A4AE67A15A4E5AB91F6 /* TestFixtures.swift */ = {isa = PBXFileReference; lastKnownFileType = sourcecode.swift; path = TestFixtures.swift; sourceTree = "<group>"; };
		A1B2C3D4E5F6A7B8C9D0E1F2 /* InsightsData.swift */ = {isa = PBXFileReference; lastKnownFileType = sourcecode.swift; path = InsightsData.swift; sourceTree = "<group>"; };
		B2C3D4E5F6A7B8C9D0E1F2A3 /* InsightsEngine.swift */ = {isa = PBXFileReference; lastKnownFileType = sourcecode.swift; path = InsightsEngine.swift; sourceTree = "<group>"; };
		C3D4E5F6A7B8C9D0E1F2A3B4 /* WHRLineChart.swift */ = {isa = PBXFileReference; lastKnownFileType = sourcecode.swift; path = WHRLineChart.swift; sourceTree = "<group>"; };
		D4E5F6A7B8C9D0E1F2A3B4C5 /* InsightsTabView.swift */ = {isa = PBXFileReference; lastKnownFileType = sourcecode.swift; path = InsightsTabView.swift; sourceTree = "<group>"; };
/* End PBXFileReference section */

/* Begin PBXGroup section */
		3F25EB467D8ABDFF35DE94A7 /* Components */ = {
			isa = PBXGroup;
			children = (
				41A3A330723F4FF578346F5B /* AppButton.swift */,
				0E4268B511A2698FE154380D /* AppCard.swift */,
				A04876EBAEDF43D86FE9661C /* AppCheckbox.swift */,
				44BF14B2C50D2ACE0F300631 /* AppTextField.swift */,
				B34B98A9109C5B55581DFC10 /* CollapsibleSegment.swift */,
				6A19EBDA9E9197CFD4BF5386 /* IncrementalInput.swift */,
				5669404B9C0C0A3D6DA96CC9 /* ProgressBar.swift */,
				C3D4E5F6A7B8C9D0E1F2A3B4 /* WHRLineChart.swift */,
			);
			name = Components;
			path = nudgeNotes/Components;
			sourceTree = "<group>";
		};
		4F5356BA4F072233C7ECC304 /* Segments */ = {
			isa = PBXGroup;
			children = (
				6D31A7A2A4FE4C5B36D1EA6A /* BodyMetricsSegmentView.swift */,
				425015FD6E794829256C5EF2 /* HydrationSegmentView.swift */,
				BA2D856FB3BD623855DD7FDD /* MoodSegmentView.swift */,
				8B3ED35933DCF38030415E99 /* MovementSegmentView.swift */,
				281DF8A22E536909E5048357 /* NutritionSegmentView.swift */,
			);
			path = Segments;
			sourceTree = "<group>";
		};
		530AAAA69B6ED5837F1570D2 /* ViewModelTests */ = {
			isa = PBXGroup;
			children = (
				597080A63141BADF0EDD2EC9 /* .gitkeep */,
				AEBA4DE2C921B88B6FF17177 /* CoreTrackingViewModelTests.swift */,
				3315BFA31EA8D52E68E53F67 /* DailyCheckInViewModelTests.swift */,
				E56799E051E5CEF921DC3F2C /* HistoryFeaturesTests.swift */,
				22CF6C44A6B69D1A5F149EFC /* InsightsViewModelTests.swift */,
				5ABA01FD79813A0F3758C2CD /* OnboardingViewModelTests.swift */,
				1D823EDAB4DBCC4C281193DB /* SubscriptionStoreTests.swift */,
			);
			name = ViewModelTests;
			path = Tests/ViewModelTests;
			sourceTree = "<group>";
		};
		54C348568AA17F94EF401197 /* ViewModels */ = {
			isa = PBXGroup;
			children = (
				E89C10E090846B406E5E59D8 /* .gitkeep */,
				631B54E7CE42009A5717CEB1 /* DailyCheckInViewModel.swift */,
				4DCB870B6464FDC430B028BF /* HistoryViewModel.swift */,
				427D5D2EE4788AC947F99F27 /* HomeViewModel.swift */,
				6D8E36CEEE27DF94C497D60E /* InsightsViewModel.swift */,
				E5CEE793A702425566C5764A /* OnboardingViewModel.swift */,
				EFC9B9BBCB0030BED09ECAF9 /* SubscriptionStore.swift */,
				3B9008F717084C2019155C01 /* WHRCalculatorViewModel.swift */,
			);
			name = ViewModels;
			path = nudgeNotes/ViewModels;
			sourceTree = "<group>";
		};
		7359A17E6795D82124A137F5 /* Views */ = {
			isa = PBXGroup;
			children = (
				090C3F1F013A8E9CE750D4DF /* ContentView.swift */,
				E1477492E984747E46FE1FCC /* DailyCheckInView.swift */,
				5DCE1BDE8BD290D220B44AC4 /* HistoryTabView.swift */,
				6DA7A8241E2745B86870E7C9 /* HomeView.swift */,
				43339A840B23947104468BAB /* InsightsView.swift */,
				D4E5F6A7B8C9D0E1F2A3B4C5 /* InsightsTabView.swift */,
				65C9A471C7C960E7EEC172D2 /* MealDetailView.swift */,
				576E53F6FFE553A6DB42479E /* MonthlyReviewView.swift */,
				64F7EAF2DA8442C32A660B59 /* OnboardingFlowView.swift */,
				C99A254AA350ABF3468C51ED /* PhotoLoggingView.swift */,
				B029DFD3BFF535AC4357CC42 /* ProUpgradeView.swift */,
				3C71EA9D7D5CF6FF1ECCA90D /* SettingsView.swift */,
				EC03838B901778BDE5712949 /* WeeklyWeighInView.swift */,
				288D46A6F285905512F0DE95 /* WHRCalculatorView.swift */,
				4F5356BA4F072233C7ECC304 /* Segments */,
			);
			name = Views;
			path = nudgeNotes/Views;
			sourceTree = "<group>";
		};
		97084DD84FA54A9338FFD0B7 /* Models */ = {
			isa = PBXGroup;
			children = (
				4E82E0A51410826407826774 /* .gitkeep */,
				4ECE424828F750CDD8AF56C5 /* DailyLog.swift */,
				549B5273387AD1C371328134 /* HabitEntry.swift */,
				E330D1C6A7C4DC6A0DC35E62 /* HabitType.swift */,
				A1B2C3D4E5F6A7B8C9D0E1F2 /* InsightsData.swift */,
				71CE0FAD722C9545A9DE5E1C /* MealLog.swift */,
				4DE774E7C96588E993303905 /* MonthlyReview.swift */,
				A22A1C9B475574BED1C579E0 /* MoodLog.swift */,
				B9D33BB9CFCE67AEA26A5C00 /* PhotoCategory.swift */,
				D5A3DDC472391F8A74A46DF2 /* PhotoLog.swift */,
				21F66EB73204C27820247EFE /* UserProfile.swift */,
				94D283F7D88DB85CED347A2B /* UserSettings.swift */,
				3C93EF71D7EA3036F7D3130A /* WaterLog.swift */,
				CF71A2FB1286BAD8BF944847 /* WeeklyMetrics.swift */,
				CC7045F68A6A705D5D01BF29 /* WHRCategory.swift */,
				CB71535D0B9153B5F9F73F96 /* WHREntry.swift */,
				84D36AC4D7C5B65798EF209C /* WorkoutLog.swift */,
			);
			name = Models;
			path = nudgeNotes/Models;
			sourceTree = "<group>";
		};
		9CDD1C05C4A3346CC102E300 /* UITests */ = {
			isa = PBXGroup;
			children = (
				9767C41E111F2E0F00F80570 /* .gitkeep */,
				5AA2FE5A6609919E41100FDE /* NudgeNotesUITests.swift */,
			);
			name = UITests;
			path = Tests/UITests;
			sourceTree = "<group>";
		};
		9EF711FD96A9ED9501883882 /* nudgeNotes */ = {
			isa = PBXGroup;
			children = (
				DE383BB8A2CFA9778B95F767 /* nudgeNotesApp.swift */,
				B693CED457F21D48D2F83514 /* PersistenceController.swift */,
			);
			path = nudgeNotes;
			sourceTree = "<group>";
		};
		B2ECE90EE037C42E01F7721D = {
			isa = PBXGroup;
			children = (
				3F25EB467D8ABDFF35DE94A7 /* Components */,
				97084DD84FA54A9338FFD0B7 /* Models */,
				D81E7DAF808683AD16CC25AB /* ModelTests */,
				9EF711FD96A9ED9501883882 /* nudgeNotes */,
				CBC9F08B57CFD63F2BD29E36 /* Resources */,
				F2BA71014D602416BC1CF63F /* Services */,
				9CDD1C05C4A3346CC102E300 /* UITests */,
				54C348568AA17F94EF401197 /* ViewModels */,
				530AAAA69B6ED5837F1570D2 /* ViewModelTests */,
				7359A17E6795D82124A137F5 /* Views */,
				BFEA2958A837F5A0EE8C143C /* Products */,
			);
			sourceTree = "<group>";
		};
		BFEA2958A837F5A0EE8C143C /* Products */ = {
			isa = PBXGroup;
			children = (
				15F040753959943D6763E59B /* nudgeNotes.app */,
				79FF1723CEDB63918359B484 /* nudgeNotesTests.xctest */,
				07D34B2DEBE16D749F41120F /* nudgeNotesUITests.xctest */,
			);
			name = Products;
			sourceTree = "<group>";
		};
		CBC9F08B57CFD63F2BD29E36 /* Resources */ = {
			isa = PBXGroup;
			children = (
				8BF724E4A26FD45A6A52E776 /* .gitkeep */,
				C6D0F685B9C6667E3488D11B /* AppTheme.swift */,
				642F0A8DD397FDBACBAE867F /* Assets.xcassets */,
				478A2F48C17D60D17EB2AF1A /* DesignSystem.swift */,
				EB4B8787C6B4E96E0D0034F1 /* LaunchScreen.storyboard */,
				2C906463668207595229E04A /* NudgeNotes.storekit */,
			);
			name = Resources;
			path = nudgeNotes/Resources;
			sourceTree = "<group>";
		};
		D81E7DAF808683AD16CC25AB /* ModelTests */ = {
			isa = PBXGroup;
			children = (
				6978D4BD191EF03BCF7002D9 /* .gitkeep */,
				7B1C4F6F943E71E283D61A3D /* DailyLogTests.swift */,
				EEDAE0100B4F5AC9B6C7FBA4 /* HabitEntryTests.swift */,
				1E534C6936A5F66AF1A959B5 /* MealLogTests.swift */,
				C6950CE91F5DFD069D3E572E /* PhotoLogTests.swift */,
				FD9F1A4AE67A15A4E5AB91F6 /* TestFixtures.swift */,
				774E030147A83A7ECAB27116 /* UserProfileTests.swift */,
				BDBE8350587D1E7CC77E019E /* WHREntryTests.swift */,
			);
			name = ModelTests;
			path = Tests/ModelTests;
			sourceTree = "<group>";
		};
		F2BA71014D602416BC1CF63F /* Services */ = {
			isa = PBXGroup;
			children = (
				D599C5FF16145F7940C20A2D /* .gitkeep */,
				68E209C7C7F507A131B17B5F /* HealthKitManager.swift */,
				B2C3D4E5F6A7B8C9D0E1F2A3 /* InsightsEngine.swift */,
				BA818DB497AB5D1775B71A9E /* PermissionManaging.swift */,
				EA287F70485C34627913CAB7 /* SubscriptionService.swift */,
			);
			name = Services;
			path = nudgeNotes/Services;
			sourceTree = "<group>";
		};
/* End PBXGroup section */

/* Begin PBXNativeTarget section */
		15F2BBE85A116FE4022CA596 /* nudgeNotesUITests */ = {
			isa = PBXNativeTarget;
			buildConfigurationList = DA5FCC87B32D0D1F510F0E55 /* Build configuration list for PBXNativeTarget "nudgeNotesUITests" */;
			buildPhases = (
				63073101900F933ECEC79537 /* Sources */,
			);
			buildRules = (
			);
			dependencies = (
				2DA60DDC34BEC8389E57190B /* PBXTargetDependency */,
			);
			name = nudgeNotesUITests;
			packageProductDependencies = (
			);
			productName = nudgeNotesUITests;
			productReference = 07D34B2DEBE16D749F41120F /* nudgeNotesUITests.xctest */;
			productType = "com.apple.product-type.bundle.ui-testing";
		};
		204C24208CF66DA68D41F08B /* nudgeNotes */ = {
			isa = PBXNativeTarget;
			buildConfigurationList = 7F3AFFB8FFFAF6626F0713CF /* Build configuration list for PBXNativeTarget "nudgeNotes" */;
			buildPhases = (
				7A1E2B03EBE2EE0369CD10F2 /* Sources */,
				84D14129F72D1F48000BB7B4 /* Resources */,
			);
			buildRules = (
			);
			dependencies = (
			);
			name = nudgeNotes;
			packageProductDependencies = (
			);
			productName = nudgeNotes;
			productReference = 15F040753959943D6763E59B /* nudgeNotes.app */;
			productType = "com.apple.product-type.application";
		};
		ED5CDE9DAB6272BFD6286B0A /* nudgeNotesTests */ = {
			isa = PBXNativeTarget;
			buildConfigurationList = C8345D91645282530FBEF442 /* Build configuration list for PBXNativeTarget "nudgeNotesTests" */;
			buildPhases = (
				67D048A114755DA51DD7AA79 /* Sources */,
			);
			buildRules = (
			);
			dependencies = (
				69000801D9EE752756AC8185 /* PBXTargetDependency */,
			);
			name = nudgeNotesTests;
			packageProductDependencies = (
			);
			productName = nudgeNotesTests;
			productReference = 79FF1723CEDB63918359B484 /* nudgeNotesTests.xctest */;
			productType = "com.apple.product-type.bundle.unit-test";
		};
/* End PBXNativeTarget section */

/* Begin PBXProject section */
		C627E714B9ABE71468106D9D /* Project object */ = {
			isa = PBXProject;
			attributes = {
				BuildIndependentTargetsInParallel = YES;
				LastUpgradeCheck = 1430;
				TargetAttributes = {
					15F2BBE85A116FE4022CA596 = {
						TestTargetID = 204C24208CF66DA68D41F08B;
					};
				};
			};
			buildConfigurationList = 218DC0D49DD765235AD0FD8A /* Build configuration list for PBXProject "nudgeNotes" */;
			compatibilityVersion = "Xcode 14.0";
			developmentRegion = en;
			hasScannedForEncodings = 0;
			knownRegions = (
				Base,
				en,
			);
			mainGroup = B2ECE90EE037C42E01F7721D;
			minimizedProjectReferenceProxies = 1;
			preferredProjectObjectVersion = 77;
			projectDirPath = "";
			projectRoot = "";
			targets = (
				204C24208CF66DA68D41F08B /* nudgeNotes */,
				ED5CDE9DAB6272BFD6286B0A /* nudgeNotesTests */,
				15F2BBE85A116FE4022CA596 /* nudgeNotesUITests */,
			);
		};
/* End PBXProject section */

/* Begin PBXResourcesBuildPhase section */
		84D14129F72D1F48000BB7B4 /* Resources */ = {
			isa = PBXResourcesBuildPhase;
			buildActionMask = 2147483647;
			files = (
				23C3AF3ED52E5CC596336854 /* Assets.xcassets in Resources */,
				F856FDFFFFE855A678BB7E3A /* LaunchScreen.storyboard in Resources */,
				29CFF973C1BE0D1D9A93806F /* NudgeNotes.storekit in Resources */,
			);
			runOnlyForDeploymentPostprocessing = 0;
		};
/* End PBXResourcesBuildPhase section */

/* Begin PBXSourcesBuildPhase section */
		63073101900F933ECEC79537 /* Sources */ = {
			isa = PBXSourcesBuildPhase;
			buildActionMask = 2147483647;
			files = (
				1337F51113786AA03FF21D2A /* NudgeNotesUITests.swift in Sources */,
			);
			runOnlyForDeploymentPostprocessing = 0;
		};
		67D048A114755DA51DD7AA79 /* Sources */ = {
			isa = PBXSourcesBuildPhase;
			buildActionMask = 2147483647;
			files = (
				599E69231E599F5104EF8058 /* CoreTrackingViewModelTests.swift in Sources */,
				AACC2C52CB22135B1E52D2DD /* DailyCheckInViewModelTests.swift in Sources */,
				8FB2CCF29639FE42A870DA52 /* DailyLogTests.swift in Sources */,
				6DE687231E567F71B720701C /* HabitEntryTests.swift in Sources */,
				1C0A62B0E9EEBDA41A0FACEF /* HistoryFeaturesTests.swift in Sources */,
				EF2FA2E81BBC6B258DC19660 /* InsightsViewModelTests.swift in Sources */,
				59913AA3D0B3F3930F31C0A8 /* MealLogTests.swift in Sources */,
				15941D0210EAB05EE7FEC297 /* OnboardingViewModelTests.swift in Sources */,
				C2E73D89B81B9FF8984A148D /* PhotoLogTests.swift in Sources */,
				229F65DBD2A00D0CB61EB803 /* SubscriptionStoreTests.swift in Sources */,
				57C2E0E5F6B725722BBBD0BD /* TestFixtures.swift in Sources */,
				222CBF3725E8BCDC838526A6 /* UserProfileTests.swift in Sources */,
				6C65DC6C837703F1A1908508 /* WHREntryTests.swift in Sources */,
			);
			runOnlyForDeploymentPostprocessing = 0;
		};
		7A1E2B03EBE2EE0369CD10F2 /* Sources */ = {
			isa = PBXSourcesBuildPhase;
			buildActionMask = 2147483647;
			files = (
				CEAEBA014A45D07FDD0021F9 /* AppButton.swift in Sources */,
				ABB444960700ADDC32BEF2CA /* AppCard.swift in Sources */,
				F85400F989A95B0EDE710E50 /* AppCheckbox.swift in Sources */,
				6A7EE1A46837B63C37502338 /* AppTextField.swift in Sources */,
				82386939F24CD698E4826083 /* AppTheme.swift in Sources */,
				D3253D1D87F0DB8C051CC4EA /* BodyMetricsSegmentView.swift in Sources */,
				988210FA589C31BF6F60A123 /* CollapsibleSegment.swift in Sources */,
				220F48382997C0EFC99EEE18 /* ContentView.swift in Sources */,
				AECFC3C120D5F9BE45047570 /* DailyCheckInView.swift in Sources */,
				B270DD2E814E80145B9D8825 /* DailyCheckInViewModel.swift in Sources */,
				CC662EDEC3283867A0056554 /* DailyLog.swift in Sources */,
				0239487D03ED1AF88498030D /* DesignSystem.swift in Sources */,
				B4F48AA0437B215BD602D81D /* HabitEntry.swift in Sources */,
				2191D0DD0C2AACCDF8EB1AF8 /* HabitType.swift in Sources */,
				55FA3E20335C0777D77FFF30 /* HealthKitManager.swift in Sources */,
				8D46761A7F929D0DD2CFDC97 /* HistoryTabView.swift in Sources */,
				54A2363A9CB10F2DB0303A69 /* HistoryViewModel.swift in Sources */,
				D76F76411C5D293DC10D389D /* HomeView.swift in Sources */,
				2C0253F5498D58F8B3B1AC16 /* HomeViewModel.swift in Sources */,
				BD89E5F23F18499238CEEC61 /* HydrationSegmentView.swift in Sources */,
				50DCE9894B73DE22F67A08AF /* IncrementalInput.swift in Sources */,
				DFF75C2E527CEDFA3606CB70 /* InsightsView.swift in Sources */,
				4D5E6F7A8B9C0D1E2F3A4B5C /* InsightsTabView.swift in Sources */,
				1A2B3C4D5E6F7A8B9C0D1E2F /* InsightsData.swift in Sources */,
				2B3C4D5E6F7A8B9C0D1E2F3A /* InsightsEngine.swift in Sources */,
				3C4D5E6F7A8B9C0D1E2F3A4B /* WHRLineChart.swift in Sources */,
				EAF349547E668F65B7AD7541 /* InsightsViewModel.swift in Sources */,
				5DD8148C282E0FF14DEFC8A2 /* MealDetailView.swift in Sources */,
				E936B1CF0F9CF109F1D1A781 /* MealLog.swift in Sources */,
				F21FAA33D1CA10E288CD145B /* MonthlyReview.swift in Sources */,
				BCC5AA00B51C7910F5E9C954 /* MonthlyReviewView.swift in Sources */,
				77EC5C9599FD287F178527A9 /* MoodLog.swift in Sources */,
				936FEFA94770CE2351EE5AF7 /* MoodSegmentView.swift in Sources */,
				D5A75644D053DAC72919235B /* MovementSegmentView.swift in Sources */,
				0CEE7C85B220D66BFBE74F6B /* NutritionSegmentView.swift in Sources */,
				D7CB4E0C995BEE44E1C27CD3 /* OnboardingFlowView.swift in Sources */,
				2056FF849B09BE910E233B22 /* OnboardingViewModel.swift in Sources */,
				BA062AC2C0D9F19650F3683A /* PermissionManaging.swift in Sources */,
				4BC9E652D1271FAA8EBF429F /* PersistenceController.swift in Sources */,
				A08F5ED0DFFAAF1D8808C802 /* PhotoCategory.swift in Sources */,
				8D41D0604A046CC7034BD643 /* PhotoLog.swift in Sources */,
				F7B87CB2E919FEAACF851E5E /* PhotoLoggingView.swift in Sources */,
				515FBB0FAB6A90940FBF9A42 /* ProUpgradeView.swift in Sources */,
				CEF228AF86FCF785F713B635 /* ProgressBar.swift in Sources */,
				9B3F571AD0D7F549D1852331 /* SettingsView.swift in Sources */,
				6D8211FFBF61E270D947568F /* SubscriptionService.swift in Sources */,
				30ED3A5FC15FB7FB0F3FCA88 /* SubscriptionStore.swift in Sources */,
				5AF89D2E35DC525FE3753048 /* UserProfile.swift in Sources */,
				D9239829B25C9FEF70A345AE /* UserSettings.swift in Sources */,
				4377297E01BE236400E9C6BD /* WHRCalculatorView.swift in Sources */,
				55E8D10A9795485D94315132 /* WHRCalculatorViewModel.swift in Sources */,
				696E0EDD829E0A68543F621C /* WHRCategory.swift in Sources */,
				B4DD8B1762EAD81B68ABDF51 /* WHREntry.swift in Sources */,
				743D56F6510108E4D8F69B42 /* WaterLog.swift in Sources */,
				BBDEE758630A6DC8108D1EC4 /* WeeklyMetrics.swift in Sources */,
				08948F020220E67A53CD5506 /* WeeklyWeighInView.swift in Sources */,
				B6123E1C8BC6FC5BA15F77D4 /* WorkoutLog.swift in Sources */,
				F0851738A25EB0DDB824677E /* nudgeNotesApp.swift in Sources */,
			);
			runOnlyForDeploymentPostprocessing = 0;
		};
/* End PBXSourcesBuildPhase section */

/* Begin PBXTargetDependency section */
		2DA60DDC34BEC8389E57190B /* PBXTargetDependency */ = {
			isa = PBXTargetDependency;
			target = 204C24208CF66DA68D41F08B /* nudgeNotes */;
			targetProxy = 0A806673393F6B663D69A164 /* PBXContainerItemProxy */;
		};
		69000801D9EE752756AC8185 /* PBXTargetDependency */ = {
			isa = PBXTargetDependency;
			target = 204C24208CF66DA68D41F08B /* nudgeNotes */;
			targetProxy = 0AD337E5A9479E9B4A2ADAFA /* PBXContainerItemProxy */;
		};
/* End PBXTargetDependency section */

/* Begin XCBuildConfiguration section */
		07C36E36C3D0723730C5D7F1 /* Release */ = {
			isa = XCBuildConfiguration;
			buildSettings = {
				ALWAYS_SEARCH_USER_PATHS = NO;
				CLANG_ANALYZER_NONNULL = YES;
				CLANG_ANALYZER_NUMBER_OBJECT_CONVERSION = YES_AGGRESSIVE;
				CLANG_CXX_LANGUAGE_STANDARD = "gnu++14";
				CLANG_CXX_LIBRARY = "libc++";
				CLANG_ENABLE_MODULES = YES;
				CLANG_ENABLE_OBJC_ARC = YES;
				CLANG_ENABLE_OBJC_WEAK = YES;
				CLANG_WARN_BLOCK_CAPTURE_AUTORELEASING = YES;
				CLANG_WARN_BOOL_CONVERSION = YES;
				CLANG_WARN_COMMA = YES;
				CLANG_WARN_CONSTANT_CONVERSION = YES;
				CLANG_WARN_DEPRECATED_OBJC_IMPLEMENTATIONS = YES;
				CLANG_WARN_DIRECT_OBJC_ISA_USAGE = YES_ERROR;
				CLANG_WARN_DOCUMENTATION_COMMENTS = YES;
				CLANG_WARN_EMPTY_BODY = YES;
				CLANG_WARN_ENUM_CONVERSION = YES;
				CLANG_WARN_INFINITE_RECURSION = YES;
				CLANG_WARN_INT_CONVERSION = YES;
				CLANG_WARN_NON_LITERAL_NULL_CONVERSION = YES;
				CLANG_WARN_OBJC_IMPLICIT_RETAIN_SELF = YES;
				CLANG_WARN_OBJC_LITERAL_CONVERSION = YES;
				CLANG_WARN_OBJC_ROOT_CLASS = YES_ERROR;
				CLANG_WARN_QUOTED_INCLUDE_IN_FRAMEWORK_HEADER = YES;
				CLANG_WARN_RANGE_LOOP_ANALYSIS = YES;
				CLANG_WARN_STRICT_PROTOTYPES = YES;
				CLANG_WARN_SUSPICIOUS_MOVE = YES;
				CLANG_WARN_UNGUARDED_AVAILABILITY = YES_AGGRESSIVE;
				CLANG_WARN_UNREACHABLE_CODE = YES;
				CLANG_WARN__DUPLICATE_METHOD_MATCH = YES;
				COPY_PHASE_STRIP = NO;
				DEBUG_INFORMATION_FORMAT = "dwarf-with-dsym";
				ENABLE_NS_ASSERTIONS = NO;
				ENABLE_STRICT_OBJC_MSGSEND = YES;
				GCC_C_LANGUAGE_STANDARD = gnu11;
				GCC_NO_COMMON_BLOCKS = YES;
				GCC_WARN_64_TO_32_BIT_CONVERSION = YES;
				GCC_WARN_ABOUT_RETURN_TYPE = YES_ERROR;
				GCC_WARN_UNDECLARED_SELECTOR = YES;
				GCC_WARN_UNINITIALIZED_AUTOS = YES_AGGRESSIVE;
				GCC_WARN_UNUSED_FUNCTION = YES;
				GCC_WARN_UNUSED_VARIABLE = YES;
				IPHONEOS_DEPLOYMENT_TARGET = 17.0;
				MTL_ENABLE_DEBUG_INFO = NO;
				MTL_FAST_MATH = YES;
				PRODUCT_NAME = "$(TARGET_NAME)";
				SDKROOT = iphoneos;
				SWIFT_COMPILATION_MODE = wholemodule;
				SWIFT_OPTIMIZATION_LEVEL = "-O";
				SWIFT_VERSION = 5.0;
			};
			name = Release;
		};
		447375461F9E4D401CC963D1 /* Debug */ = {
			isa = XCBuildConfiguration;
			buildSettings = {
				BUNDLE_LOADER = "$(TEST_HOST)";
				GENERATE_INFOPLIST_FILE = YES;
				LD_RUNPATH_SEARCH_PATHS = (
					"$(inherited)",
					"@executable_path/Frameworks",
					"@loader_path/Frameworks",
				);
				PRODUCT_BUNDLE_IDENTIFIER = com.henkanhacks.nudgenotes.uitests;
				SDKROOT = iphoneos;
				SWIFT_VERSION = 5.0;
				TARGETED_DEVICE_FAMILY = "1,2";
				TEST_TARGET_NAME = nudgeNotes;
			};
			name = Debug;
		};
		6164A1820C46A481C8918637 /* Release */ = {
			isa = XCBuildConfiguration;
			buildSettings = {
				BUNDLE_LOADER = "$(TEST_HOST)";
				GENERATE_INFOPLIST_FILE = YES;
				LD_RUNPATH_SEARCH_PATHS = (
					"$(inherited)",
					"@executable_path/Frameworks",
					"@loader_path/Frameworks",
				);
				PRODUCT_BUNDLE_IDENTIFIER = com.henkanhacks.nudgenotes.tests;
				SDKROOT = iphoneos;
				SWIFT_VERSION = 5.0;
				TARGETED_DEVICE_FAMILY = "1,2";
				TEST_HOST = "$(BUILT_PRODUCTS_DIR)/nudgeNotes.app/nudgeNotes";
			};
			name = Release;
		};
		7665DDEA3C727A1063711082 /* Debug */ = {
			isa = XCBuildConfiguration;
			buildSettings = {
				BUNDLE_LOADER = "$(TEST_HOST)";
				GENERATE_INFOPLIST_FILE = YES;
				LD_RUNPATH_SEARCH_PATHS = (
					"$(inherited)",
					"@executable_path/Frameworks",
					"@loader_path/Frameworks",
				);
				PRODUCT_BUNDLE_IDENTIFIER = com.henkanhacks.nudgenotes.tests;
				SDKROOT = iphoneos;
				SWIFT_VERSION = 5.0;
				TARGETED_DEVICE_FAMILY = "1,2";
				TEST_HOST = "$(BUILT_PRODUCTS_DIR)/nudgeNotes.app/nudgeNotes";
			};
			name = Debug;
		};
		826565880E8716D7F50BBDAF /* Debug */ = {
			isa = XCBuildConfiguration;
			buildSettings = {
				ASSETCATALOG_COMPILER_APPICON_NAME = AppIcon;
				ASSETCATALOG_COMPILER_GLOBAL_ACCENT_COLOR_NAME = AccentColor;
				CODE_SIGN_ENTITLEMENTS = nudgeNotes/nudgeNotes.entitlements;
				CODE_SIGN_IDENTITY = "iPhone Developer";
				GENERATE_INFOPLIST_FILE = YES;
				INFOPLIST_KEY_CFBundleDisplayName = "nudge Notes";
				INFOPLIST_KEY_LSApplicationCategoryType = "public.app-category.healthcare-fitness";
				INFOPLIST_KEY_NSHealthShareUsageDescription = "nudge Notes reads your steps, sleep, workouts, and weight to auto-fill your daily check-in. Data stays on your device.";
				INFOPLIST_KEY_NSPhotoLibraryAddUsageDescription = "nudge Notes saves optional progress photos to your library when you choose to export them.";
				INFOPLIST_KEY_NSPhotoLibraryUsageDescription = "nudge Notes uses your photos for optional meal, activity, and body logs that stay on your device.";
				INFOPLIST_KEY_NSUserNotificationsUsageDescription = "nudge Notes uses gentle reminders for check-ins only if you enable them.";
				INFOPLIST_KEY_UIApplicationSceneManifest_Generation = YES;
				INFOPLIST_KEY_UIApplicationSupportsIndirectInputEvents = YES;
				INFOPLIST_KEY_UILaunchStoryboardName = LaunchScreen;
				INFOPLIST_KEY_UISupportedInterfaceOrientations_iPhone = UIInterfaceOrientationPortrait;
				LD_RUNPATH_SEARCH_PATHS = (
					"$(inherited)",
					"@executable_path/Frameworks",
				);
				PRODUCT_BUNDLE_IDENTIFIER = com.henkanhacks.nudgenotes;
				PRODUCT_NAME = nudgeNotes;
				SDKROOT = iphoneos;
				SUPPORTS_MACCATALYST = NO;
				SWIFT_VERSION = 5.0;
				TARGETED_DEVICE_FAMILY = 1;
			};
			name = Debug;
		};
		82C3B5193F5963EFAE016145 /* Debug */ = {
			isa = XCBuildConfiguration;
			buildSettings = {
				ALWAYS_SEARCH_USER_PATHS = NO;
				CLANG_ANALYZER_NONNULL = YES;
				CLANG_ANALYZER_NUMBER_OBJECT_CONVERSION = YES_AGGRESSIVE;
				CLANG_CXX_LANGUAGE_STANDARD = "gnu++14";
				CLANG_CXX_LIBRARY = "libc++";
				CLANG_ENABLE_MODULES = YES;
				CLANG_ENABLE_OBJC_ARC = YES;
				CLANG_ENABLE_OBJC_WEAK = YES;
				CLANG_WARN_BLOCK_CAPTURE_AUTORELEASING = YES;
				CLANG_WARN_BOOL_CONVERSION = YES;
				CLANG_WARN_COMMA = YES;
				CLANG_WARN_CONSTANT_CONVERSION = YES;
				CLANG_WARN_DEPRECATED_OBJC_IMPLEMENTATIONS = YES;
				CLANG_WARN_DIRECT_OBJC_ISA_USAGE = YES_ERROR;
				CLANG_WARN_DOCUMENTATION_COMMENTS = YES;
				CLANG_WARN_EMPTY_BODY = YES;
				CLANG_WARN_ENUM_CONVERSION = YES;
				CLANG_WARN_INFINITE_RECURSION = YES;
				CLANG_WARN_INT_CONVERSION = YES;
				CLANG_WARN_NON_LITERAL_NULL_CONVERSION = YES;
				CLANG_WARN_OBJC_IMPLICIT_RETAIN_SELF = YES;
				CLANG_WARN_OBJC_LITERAL_CONVERSION = YES;
				CLANG_WARN_OBJC_ROOT_CLASS = YES_ERROR;
				CLANG_WARN_QUOTED_INCLUDE_IN_FRAMEWORK_HEADER = YES;
				CLANG_WARN_RANGE_LOOP_ANALYSIS = YES;
				CLANG_WARN_STRICT_PROTOTYPES = YES;
				CLANG_WARN_SUSPICIOUS_MOVE = YES;
				CLANG_WARN_UNGUARDED_AVAILABILITY = YES_AGGRESSIVE;
				CLANG_WARN_UNREACHABLE_CODE = YES;
				CLANG_WARN__DUPLICATE_METHOD_MATCH = YES;
				COPY_PHASE_STRIP = NO;
				DEBUG_INFORMATION_FORMAT = dwarf;
				ENABLE_STRICT_OBJC_MSGSEND = YES;
				ENABLE_TESTABILITY = YES;
				GCC_C_LANGUAGE_STANDARD = gnu11;
				GCC_DYNAMIC_NO_PIC = NO;
				GCC_NO_COMMON_BLOCKS = YES;
				GCC_OPTIMIZATION_LEVEL = 0;
				GCC_PREPROCESSOR_DEFINITIONS = (
					"$(inherited)",
					"DEBUG=1",
				);
				GCC_WARN_64_TO_32_BIT_CONVERSION = YES;
				GCC_WARN_ABOUT_RETURN_TYPE = YES_ERROR;
				GCC_WARN_UNDECLARED_SELECTOR = YES;
				GCC_WARN_UNINITIALIZED_AUTOS = YES_AGGRESSIVE;
				GCC_WARN_UNUSED_FUNCTION = YES;
				GCC_WARN_UNUSED_VARIABLE = YES;
				IPHONEOS_DEPLOYMENT_TARGET = 17.0;
				MTL_ENABLE_DEBUG_INFO = INCLUDE_SOURCE;
				MTL_FAST_MATH = YES;
				ONLY_ACTIVE_ARCH = YES;
				PRODUCT_NAME = "$(TARGET_NAME)";
				SDKROOT = iphoneos;
				SWIFT_ACTIVE_COMPILATION_CONDITIONS = DEBUG;
				SWIFT_OPTIMIZATION_LEVEL = "-Onone";
				SWIFT_VERSION = 5.0;
			};
			name = Debug;
		};
		DCD313A0C8949A279CAD1095 /* Release */ = {
			isa = XCBuildConfiguration;
			buildSettings = {
				BUNDLE_LOADER = "$(TEST_HOST)";
				GENERATE_INFOPLIST_FILE = YES;
				LD_RUNPATH_SEARCH_PATHS = (
					"$(inherited)",
					"@executable_path/Frameworks",
					"@loader_path/Frameworks",
				);
				PRODUCT_BUNDLE_IDENTIFIER = com.henkanhacks.nudgenotes.uitests;
				SDKROOT = iphoneos;
				SWIFT_VERSION = 5.0;
				TARGETED_DEVICE_FAMILY = "1,2";
				TEST_TARGET_NAME = nudgeNotes;
			};
			name = Release;
		};
		F1577E8097F190555DB51944 /* Release */ = {
			isa = XCBuildConfiguration;
			buildSettings = {
				ASSETCATALOG_COMPILER_APPICON_NAME = AppIcon;
				ASSETCATALOG_COMPILER_GLOBAL_ACCENT_COLOR_NAME = AccentColor;
				CODE_SIGN_ENTITLEMENTS = nudgeNotes/nudgeNotes.entitlements;
				CODE_SIGN_IDENTITY = "iPhone Developer";
				GENERATE_INFOPLIST_FILE = YES;
				INFOPLIST_KEY_CFBundleDisplayName = "nudge Notes";
				INFOPLIST_KEY_LSApplicationCategoryType = "public.app-category.healthcare-fitness";
				INFOPLIST_KEY_NSHealthShareUsageDescription = "nudge Notes reads your steps, sleep, workouts, and weight to auto-fill your daily check-in. Data stays on your device.";
				INFOPLIST_KEY_NSPhotoLibraryAddUsageDescription = "nudge Notes saves optional progress photos to your library when you choose to export them.";
				INFOPLIST_KEY_NSPhotoLibraryUsageDescription = "nudge Notes uses your photos for optional meal, activity, and body logs that stay on your device.";
				INFOPLIST_KEY_NSUserNotificationsUsageDescription = "nudge Notes uses gentle reminders for check-ins only if you enable them.";
				INFOPLIST_KEY_UIApplicationSceneManifest_Generation = YES;
				INFOPLIST_KEY_UIApplicationSupportsIndirectInputEvents = YES;
				INFOPLIST_KEY_UILaunchStoryboardName = LaunchScreen;
				INFOPLIST_KEY_UISupportedInterfaceOrientations_iPhone = UIInterfaceOrientationPortrait;
				LD_RUNPATH_SEARCH_PATHS = (
					"$(inherited)",
					"@executable_path/Frameworks",
				);
				PRODUCT_BUNDLE_IDENTIFIER = com.henkanhacks.nudgenotes;
				PRODUCT_NAME = nudgeNotes;
				SDKROOT = iphoneos;
				SUPPORTS_MACCATALYST = NO;
				SWIFT_VERSION = 5.0;
				TARGETED_DEVICE_FAMILY = 1;
			};
			name = Release;
		};
/* End XCBuildConfiguration section */

/* Begin XCConfigurationList section */
		218DC0D49DD765235AD0FD8A /* Build configuration list for PBXProject "nudgeNotes" */ = {
			isa = XCConfigurationList;
			buildConfigurations = (
				82C3B5193F5963EFAE016145 /* Debug */,
				07C36E36C3D0723730C5D7F1 /* Release */,
			);
			defaultConfigurationIsVisible = 0;
			defaultConfigurationName = Debug;
		};
		7F3AFFB8FFFAF6626F0713CF /* Build configuration list for PBXNativeTarget "nudgeNotes" */ = {
			isa = XCConfigurationList;
			buildConfigurations = (
				826565880E8716D7F50BBDAF /* Debug */,
				F1577E8097F190555DB51944 /* Release */,
			);
			defaultConfigurationIsVisible = 0;
			defaultConfigurationName = Debug;
		};
		C8345D91645282530FBEF442 /* Build configuration list for PBXNativeTarget "nudgeNotesTests" */ = {
			isa = XCConfigurationList;
			buildConfigurations = (
				7665DDEA3C727A1063711082 /* Debug */,
				6164A1820C46A481C8918637 /* Release */,
			);
			defaultConfigurationIsVisible = 0;
			defaultConfigurationName = Debug;
		};
		DA5FCC87B32D0D1F510F0E55 /* Build configuration list for PBXNativeTarget "nudgeNotesUITests" */ = {
			isa = XCConfigurationList;
			buildConfigurations = (
				447375461F9E4D401CC963D1 /* Debug */,
				DCD313A0C8949A279CAD1095 /* Release */,
			);
			defaultConfigurationIsVisible = 0;
			defaultConfigurationName = Debug;
		};
/* End XCConfigurationList section */
	};
	rootObject = C627E714B9ABE71468106D9D /* Project object */;
}
